
Microsoft Visual Studio Solution File, Format Version 12.00
# Visual Studio Version 17
VisualStudioVersion = 17.0.31903.59
MinimumVisualStudioVersion = 10.0.40219.1
Project("{2150E333-8FDC-42A3-9474-1A3956D46DE8}") = "00. Commons Layer", "00. Commons Layer", "{1EAD65FF-C67A-4724-A2C0-174A87427C4C}"
EndProject
Project("{2150E333-8FDC-42A3-9474-1A3956D46DE8}") = "01. Host Layer", "01. Host Layer", "{3E2B0579-3FDC-4E05-81B5-DE5F2B850AFD}"
EndProject
Project("{2150E333-8FDC-42A3-9474-1A3956D46DE8}") = "02. Application Layer", "02. Application Layer", "{6F8A6A09-DFFB-4807-804F-C7DC3C3E0B85}"
EndProject
Project("{2150E333-8FDC-42A3-9474-1A3956D46DE8}") = "03. Domain Layer", "03. Domain Layer", "{BD0D550A-80CD-4AA1-93A1-B776A4EB5D0B}"
EndProject
Project("{2150E333-8FDC-42A3-9474-1A3956D46DE8}") = "04. Infraestructure Layer", "04. Infraestructure Layer", "{D1BED8D4-F0AC-423B-A048-6768B77E9B66}"
EndProject
Project("{2150E333-8FDC-42A3-9474-1A3956D46DE8}") = "05. Tests Layer", "05. Tests Layer", "{884A41DD-89FB-4AC4-AC01-818AE0B1290F}"
EndProject
Project("{9A19103F-16F7-4668-BE54-9A1E7A4F7556}") = "Cnab.Api.WebApi", "src\Cnab.Api.WebApi\Cnab.Api.WebApi.csproj", "{EA43B0BA-6F3A-4AD2-9228-E294D692AA66}"
EndProject
Project("{9A19103F-16F7-4668-BE54-9A1E7A4F7556}") = "Cnab.Api.Domain", "src\Cnab.Api.Domain\Cnab.Api.Domain.csproj", "{AB2264FD-4942-47E0-A62B-B7AD0C19D162}"
EndProject
Project("{9A19103F-16F7-4668-BE54-9A1E7A4F7556}") = "Cnab.Api.Contracts", "src\Cnab.Api.Contracts\Cnab.Api.Contracts.csproj", "{34B815AA-A0AD-44D8-AEAD-3B042061C4A2}"
EndProject
Project("{9A19103F-16F7-4668-BE54-9A1E7A4F7556}") = "Cnab.Api.Application", "src\Cnab.Api.Application\Cnab.Api.Application.csproj", "{9CB3C596-F53A-4B2C-9D3B-9997252770A9}"
EndProject
Project("{9A19103F-16F7-4668-BE54-9A1E7A4F7556}") = "Cnab.Api.Services", "src\Cnab.Api.Services\Cnab.Api.Services.csproj", "{7C606FEF-A56B-4627-B63F-8642472086DD}"
EndProject
Project("{9A19103F-16F7-4668-BE54-9A1E7A4F7556}") = "Cnab.Api.Data", "src\Cnab.Api.Data\Cnab.Api.Data.csproj", "{1533B494-C420-46CC-9EBD-40710DE328E4}"
EndProject
Project("{9A19103F-16F7-4668-BE54-9A1E7A4F7556}") = "Cnab.Api.Cache", "src\Cnab.Api.Cache\Cnab.Api.Cache.csproj", "{9CFCFAA9-9F67-4919-9805-7DAD24BC02DF}"
EndProject
Project("{9A19103F-16F7-4668-BE54-9A1E7A4F7556}") = "Cnab.Api.Logs", "src\Cnab.Api.Logs\Cnab.Api.Logs.csproj", "{033AB02D-5010-4C6A-AFF4-B4C439FC4623}"
EndProject
Project("{FAE04EC0-301F-11D3-BF4B-00C04F79EFBC}") = "Cnab.Api.Test", "src\Cnab.Api.Test\Cnab.Api.Test.csproj", "{ABFFE363-7D4D-484B-AB88-6DADBC88617C}"
EndProject
Global
	GlobalSection(SolutionConfigurationPlatforms) = preSolution
		Debug|Any CPU = Debug|Any CPU
		Release|Any CPU = Release|Any CPU
	EndGlobalSection
	GlobalSection(ProjectConfigurationPlatforms) = postSolution
		{EA43B0BA-6F3A-4AD2-9228-E294D692AA66}.Debug|Any CPU.ActiveCfg = Debug|Any CPU
		{EA43B0BA-6F3A-4AD2-9228-E294D692AA66}.Debug|Any CPU.Build.0 = Debug|Any CPU
		{EA43B0BA-6F3A-4AD2-9228-E294D692AA66}.Release|Any CPU.ActiveCfg = Release|Any CPU
		{EA43B0BA-6F3A-4AD2-9228-E294D692AA66}.Release|Any CPU.Build.0 = Release|Any CPU
		{AB2264FD-4942-47E0-A62B-B7AD0C19D162}.Debug|Any CPU.ActiveCfg = Debug|Any CPU
		{AB2264FD-4942-47E0-A62B-B7AD0C19D162}.Debug|Any CPU.Build.0 = Debug|Any CPU
		{AB2264FD-4942-47E0-A62B-B7AD0C19D162}.Release|Any CPU.ActiveCfg = Release|Any CPU
		{AB2264FD-4942-47E0-A62B-B7AD0C19D162}.Release|Any CPU.Build.0 = Release|Any CPU
		{34B815AA-A0AD-44D8-AEAD-3B042061C4A2}.Debug|Any CPU.ActiveCfg = Debug|Any CPU
		{34B815AA-A0AD-44D8-AEAD-3B042061C4A2}.Debug|Any CPU.Build.0 = Debug|Any CPU
		{34B815AA-A0AD-44D8-AEAD-3B042061C4A2}.Release|Any CPU.ActiveCfg = Release|Any CPU
		{34B815AA-A0AD-44D8-AEAD-3B042061C4A2}.Release|Any CPU.Build.0 = Release|Any CPU
		{9CB3C596-F53A-4B2C-9D3B-9997252770A9}.Debug|Any CPU.ActiveCfg = Debug|Any CPU
		{9CB3C596-F53A-4B2C-9D3B-9997252770A9}.Debug|Any CPU.Build.0 = Debug|Any CPU
		{9CB3C596-F53A-4B2C-9D3B-9997252770A9}.Release|Any CPU.ActiveCfg = Release|Any CPU
		{9CB3C596-F53A-4B2C-9D3B-9997252770A9}.Release|Any CPU.Build.0 = Release|Any CPU
		{7C606FEF-A56B-4627-B63F-8642472086DD}.Debug|Any CPU.ActiveCfg = Debug|Any CPU
		{7C606FEF-A56B-4627-B63F-8642472086DD}.Debug|Any CPU.Build.0 = Debug|Any CPU
		{7C606FEF-A56B-4627-B63F-8642472086DD}.Release|Any CPU.ActiveCfg = Release|Any CPU
		{7C606FEF-A56B-4627-B63F-8642472086DD}.Release|Any CPU.Build.0 = Release|Any CPU
		{1533B494-C420-46CC-9EBD-40710DE328E4}.Debug|Any CPU.ActiveCfg = Debug|Any CPU
		{1533B494-C420-46CC-9EBD-40710DE328E4}.Debug|Any CPU.Build.0 = Debug|Any CPU
		{1533B494-C420-46CC-9EBD-40710DE328E4}.Release|Any CPU.ActiveCfg = Release|Any CPU
		{1533B494-C420-46CC-9EBD-40710DE328E4}.Release|Any CPU.Build.0 = Release|Any CPU
		{9CFCFAA9-9F67-4919-9805-7DAD24BC02DF}.Debug|Any CPU.ActiveCfg = Debug|Any CPU
		{9CFCFAA9-9F67-4919-9805-7DAD24BC02DF}.Debug|Any CPU.Build.0 = Debug|Any CPU
		{9CFCFAA9-9F67-4919-9805-7DAD24BC02DF}.Release|Any CPU.ActiveCfg = Release|Any CPU
		{9CFCFAA9-9F67-4919-9805-7DAD24BC02DF}.Release|Any CPU.Build.0 = Release|Any CPU
		{033AB02D-5010-4C6A-AFF4-B4C439FC4623}.Debug|Any CPU.ActiveCfg = Debug|Any CPU
		{033AB02D-5010-4C6A-AFF4-B4C439FC4623}.Debug|Any CPU.Build.0 = Debug|Any CPU
		{033AB02D-5010-4C6A-AFF4-B4C439FC4623}.Release|Any CPU.ActiveCfg = Release|Any CPU
		{033AB02D-5010-4C6A-AFF4-B4C439FC4623}.Release|Any CPU.Build.0 = Release|Any CPU
		{ABFFE363-7D4D-484B-AB88-6DADBC88617C}.Debug|Any CPU.ActiveCfg = Debug|Any CPU
		{ABFFE363-7D4D-484B-AB88-6DADBC88617C}.Debug|Any CPU.Build.0 = Debug|Any CPU
		{ABFFE363-7D4D-484B-AB88-6DADBC88617C}.Release|Any CPU.ActiveCfg = Release|Any CPU
		{ABFFE363-7D4D-484B-AB88-6DADBC88617C}.Release|Any CPU.Build.0 = Release|Any CPU
	EndGlobalSection
	GlobalSection(SolutionProperties) = preSolution
		HideSolutionNode = FALSE
	EndGlobalSection
	GlobalSection(NestedProjects) = preSolution
		{EA43B0BA-6F3A-4AD2-9228-E294D692AA66} = {3E2B0579-3FDC-4E05-81B5-DE5F2B850AFD}
		{AB2264FD-4942-47E0-A62B-B7AD0C19D162} = {BD0D550A-80CD-4AA1-93A1-B776A4EB5D0B}
		{34B815AA-A0AD-44D8-AEAD-3B042061C4A2} = {BD0D550A-80CD-4AA1-93A1-B776A4EB5D0B}
		{9CB3C596-F53A-4B2C-9D3B-9997252770A9} = {6F8A6A09-DFFB-4807-804F-C7DC3C3E0B85}
		{7C606FEF-A56B-4627-B63F-8642472086DD} = {6F8A6A09-DFFB-4807-804F-C7DC3C3E0B85}
		{1533B494-C420-46CC-9EBD-40710DE328E4} = {D1BED8D4-F0AC-423B-A048-6768B77E9B66}
		{9CFCFAA9-9F67-4919-9805-7DAD24BC02DF} = {D1BED8D4-F0AC-423B-A048-6768B77E9B66}
		{033AB02D-5010-4C6A-AFF4-B4C439FC4623} = {D1BED8D4-F0AC-423B-A048-6768B77E9B66}
		{ABFFE363-7D4D-484B-AB88-6DADBC88617C} = {884A41DD-89FB-4AC4-AC01-818AE0B1290F}
	EndGlobalSection
	GlobalSection(ExtensibilityGlobals) = postSolution
		SolutionGuid = {C39712E8-648F-41FD-A68E-508EFCCEA944}
	EndGlobalSection
EndGlobal
